{
  "name": "piletitasku",
  "version": "1.0.0",
  "lockfileVersion": 2,
  "requires": true,
  "packages": {
    "": {
      "name": "piletitasku",
      "version": "1.0.0",
      "license": "ISC",
      "devDependencies": {
        "@iconify-json/heroicons": "^1.2.3"
      }
    },
    "node_modules/@iconify-json/heroicons": {
      "version": "1.2.3",
      "resolved": "https://registry.npmjs.org/@iconify-json/heroicons/-/heroicons-1.2.3.tgz",
      "integrity": "sha512-n+vmCEgTesRsOpp5AB5ILB6srsgsYK+bieoQBNlafvoEhjVXLq8nIGN4B0v/s4DUfa0dOrjwE/cKJgIKdJXOEg==",
      "dev": true,
      "license": "MIT",
      "dependencies": {
        "@iconify/types": "*"
      }
    },
    "node_modules/@iconify/types": {
      "version": "2.0.0",
      "resolved": "https://registry.npmjs.org/@iconify/types/-/types-2.0.0.tgz",
      "integrity": "sha512-+wluvCrRhXrhyOmRDJ3q8mux9JkKy5SJ/v8ol2tu4FVjyYvtEzkc/3pK15ET6RKg4b4w4BmTk1+gsCUhf21Ykg==",
      "dev": true,
      "license": "MIT"
    }
  },
  "dependencies": {
    "@iconify-json/heroicons": {
      "version": "1.2.3",
      "resolved": "https://registry.npmjs.org/@iconify-json/heroicons/-/heroicons-1.2.3.tgz",
      "integrity": "sha512-n+vmCEgTesRsOpp5AB5ILB6srsgsYK+bieoQBNlafvoEhjVXLq8nIGN4B0v/s4DUfa0dOrjwE/cKJgIKdJXOEg==",
      "dev": true,
      "requires": {
        "@iconify/types": "*"
      }
    },
    "@iconify/types": {
      "version": "2.0.0",
      "resolved": "https://registry.npmjs.org/@iconify/types/-/types-2.0.0.tgz",
      "integrity": "sha512-+wluvCrRhXrhyOmRDJ3q8mux9JkKy5SJ/v8ol2tu4FVjyYvtEzkc/3pK15ET6RKg4b4w4BmTk1+gsCUhf21Ykg==",
      "dev": true
    }
  }
}
